# This file is automatically @generated by Cargo.
# It is not intended for manual editing.
version = 4

[[package]]
name = "know_now_audit"
version = "0.1.0"

[[package]]
name = "know_now_cache"
version = "0.1.0"

[[package]]
name = "know_now_cli"
version = "0.1.0"

[[package]]
name = "know_now_codegen"
version = "0.1.0"

[[package]]
name = "know_now_contract"
version = "0.1.0"

[[package]]
name = "know_now_core"
version = "0.1.0"

[[package]]
name = "know_now_diagnostics"
version = "0.1.0"

[[package]]
name = "know_now_diff"
version = "0.1.0"

[[package]]
name = "know_now_gen_dbt"
version = "0.1.0"

[[package]]
name = "know_now_gen_docs"
version = "0.1.0"

[[package]]
name = "know_now_gen_postgres"
version = "0.1.0"

[[package]]
name = "know_now_gen_quality"
version = "0.1.0"

[[package]]
name = "know_now_identity"
version = "0.1.0"

[[package]]
name = "know_now_ir"
version = "0.1.0"

[[package]]
name = "know_now_lock"
version = "0.1.0"

[[package]]
name = "know_now_metadata"
version = "0.1.0"

[[package]]
name = "know_now_policy"
version = "0.1.0"

[[package]]
name = "know_now_server"
version = "0.1.0"

[[package]]
name = "know_now_templates"
version = "0.1.0"

[[package]]
name = "know_now_toolchain"
version = "0.1.0"

[[package]]
name = "know_now_validate"
version = "0.1.0"

[[package]]
name = "know_now_writer"
version = "0.1.0"

[[package]]
name = "xtask"
version = "0.1.0"
